// !$*UTF8*$!
{
	archiveVersion = 1;
	classes = {
	};
	objectVersion = 46;
	objects = {

/* Begin PBXBuildFile section */
		A221F0F020A2A129000AC6A8 /* exportAppstore.plist in Resources */ = {isa = PBXBuildFile; fileRef = A221F0ED20A2A128000AC6A8 /* exportAppstore.plist */; };
		A221F0F120A2A129000AC6A8 /* shell.sh in Resources */ = {isa = PBXBuildFile; fileRef = A221F0EE20A2A128000AC6A8 /* shell.sh */; };
		A221F0F220A2A129000AC6A8 /* exportTest.plist in Resources */ = {isa = PBXBuildFile; fileRef = A221F0EF20A2A129000AC6A8 /* exportTest.plist */; };
		A225D68120B7FD8100654D27 /* NetworkSpeedViewController.m in Sources */ = {isa = PBXBuildFile; fileRef = A225D68020B7FD8100654D27 /* NetworkSpeedViewController.m */; };
		A225D68520B7FDD300654D27 /* GetNetWorkSpeed.m in Sources */ = {isa = PBXBuildFile; fileRef = A225D68420B7FDD300654D27 /* GetNetWorkSpeed.m */; };
		A228564A205F611100B6B2F5 /* GifMakerViewController.m in Sources */ = {isa = PBXBuildFile; fileRef = A2285649205F611100B6B2F5 /* GifMakerViewController.m */; };
		A228564E205F625500B6B2F5 /* LJZTool.m in Sources */ = {isa = PBXBuildFile; fileRef = A228564D205F625500B6B2F5 /* LJZTool.m */; };
		A2285652205F823D00B6B2F5 /* IMG_0088.mp4 in Resources */ = {isa = PBXBuildFile; fileRef = A2285651205F823D00B6B2F5 /* IMG_0088.mp4 */; };
		A2285655205F955400B6B2F5 /* FloatingViewViewController.m in Sources */ = {isa = PBXBuildFile; fileRef = A2285654205F955400B6B2F5 /* FloatingViewViewController.m */; };
		A2285659205F958500B6B2F5 /* LJZFloatingView.m in Sources */ = {isa = PBXBuildFile; fileRef = A2285658205F958500B6B2F5 /* LJZFloatingView.m */; };
		A228565C205F983F00B6B2F5 /* PaomaViewController.m in Sources */ = {isa = PBXBuildFile; fileRef = A228565B205F983F00B6B2F5 /* PaomaViewController.m */; };
		A2285660205F985C00B6B2F5 /* LJZPaomaView.m in Sources */ = {isa = PBXBuildFile; fileRef = A228565F205F985C00B6B2F5 /* LJZPaomaView.m */; };
		A2337B1120883E660033090F /* SegmentViewViewController.m in Sources */ = {isa = PBXBuildFile; fileRef = A2337B1020883E660033090F /* SegmentViewViewController.m */; };
		A2337B1520883EE80033090F /* LJZSegmentView.m in Sources */ = {isa = PBXBuildFile; fileRef = A2337B1420883EE80033090F /* LJZSegmentView.m */; };
		A905AAB91F414C7500325F01 /* CountDownViewController.m in Sources */ = {isa = PBXBuildFile; fileRef = A905AAB81F414C7500325F01 /* CountDownViewController.m */; };
		A905AB6E1F4E84CE00325F01 /* PagesViewController.m in Sources */ = {isa = PBXBuildFile; fileRef = A905AB6D1F4E84CE00325F01 /* PagesViewController.m */; };
		A905AB721F4E84EA00325F01 /* TopBar.m in Sources */ = {isa = PBXBuildFile; fileRef = A905AB711F4E84EA00325F01 /* TopBar.m */; };
		A905AB751F4E966900325F01 /* LJZFirstViewController.m in Sources */ = {isa = PBXBuildFile; fileRef = A905AB741F4E966900325F01 /* LJZFirstViewController.m */; };
		A905AB781F4E967300325F01 /* LJZSecondViewController.m in Sources */ = {isa = PBXBuildFile; fileRef = A905AB771F4E967300325F01 /* LJZSecondViewController.m */; };
		A924B23E1E9F4D3A00BEC574 /* images.bundle in Resources */ = {isa = PBXBuildFile; fileRef = A924B23D1E9F4D3A00BEC574 /* images.bundle */; };
		A93EEA5A2217F1F7005E7148 /* PhotoMakerViewController.m in Sources */ = {isa = PBXBuildFile; fileRef = A93EEA592217F1F7005E7148 /* PhotoMakerViewController.m */; };
		A93EEA5E2217F24C005E7148 /* LJZPhotoMaker.m in Sources */ = {isa = PBXBuildFile; fileRef = A93EEA5D2217F24C005E7148 /* LJZPhotoMaker.m */; };
		A93EEA622217FA62005E7148 /* pic1.png in Resources */ = {isa = PBXBuildFile; fileRef = A93EEA5F2217FA61005E7148 /* pic1.png */; };
		A93EEA632217FA62005E7148 /* pic2.png in Resources */ = {isa = PBXBuildFile; fileRef = A93EEA602217FA61005E7148 /* pic2.png */; };
		A93EEA642217FA62005E7148 /* pic3.png in Resources */ = {isa = PBXBuildFile; fileRef = A93EEA612217FA62005E7148 /* pic3.png */; };
		A93EEA662217FA83005E7148 /* pic4.png in Resources */ = {isa = PBXBuildFile; fileRef = A93EEA652217FA83005E7148 /* pic4.png */; };
		A9A8DFEE21BB9B8A00AF13EB /* ShakeViewController.m in Sources */ = {isa = PBXBuildFile; fileRef = A9A8DFED21BB9B8A00AF13EB /* ShakeViewController.m */; };
		A9A8DFF421BB9C2900AF13EB /* LJZShakeManager.m in Sources */ = {isa = PBXBuildFile; fileRef = A9A8DFF321BB9C2900AF13EB /* LJZShakeManager.m */; };
		A9B0D99F1E9DF9970024361F /* main.m in Sources */ = {isa = PBXBuildFile; fileRef = A9B0D99E1E9DF9970024361F /* main.m */; };
		A9B0D9A21E9DF9970024361F /* AppDelegate.m in Sources */ = {isa = PBXBuildFile; fileRef = A9B0D9A11E9DF9970024361F /* AppDelegate.m */; };
		A9B0D9A51E9DF9970024361F /* ViewController.m in Sources */ = {isa = PBXBuildFile; fileRef = A9B0D9A41E9DF9970024361F /* ViewController.m */; };
		A9B0D9A81E9DF9970024361F /* Main.storyboard in Resources */ = {isa = PBXBuildFile; fileRef = A9B0D9A61E9DF9970024361F /* Main.storyboard */; };
		A9B0D9AA1E9DF9970024361F /* Assets.xcassets in Resources */ = {isa = PBXBuildFile; fileRef = A9B0D9A91E9DF9970024361F /* Assets.xcassets */; };
		A9B0D9AD1E9DF9970024361F /* LaunchScreen.storyboard in Resources */ = {isa = PBXBuildFile; fileRef = A9B0D9AB1E9DF9970024361F /* LaunchScreen.storyboard */; };
		A9B0D9B81E9DF9970024361F /* CodeLibraryTests.m in Sources */ = {isa = PBXBuildFile; fileRef = A9B0D9B71E9DF9970024361F /* CodeLibraryTests.m */; };
		A9B0D9C31E9DF9970024361F /* CodeLibraryUITests.m in Sources */ = {isa = PBXBuildFile; fileRef = A9B0D9C21E9DF9970024361F /* CodeLibraryUITests.m */; };
		A9B0D9DA1E9E29DC0024361F /* BarrageViewController.m in Sources */ = {isa = PBXBuildFile; fileRef = A9B0D9D91E9E29DC0024361F /* BarrageViewController.m */; };
		A9B0D9DE1E9E2A170024361F /* LJZBarrageView.m in Sources */ = {isa = PBXBuildFile; fileRef = A9B0D9DD1E9E2A170024361F /* LJZBarrageView.m */; };
		A9B0D9E11E9E2C0B0024361F /* LJZBarrageManager.m in Sources */ = {isa = PBXBuildFile; fileRef = A9B0D9E01E9E2C0B0024361F /* LJZBarrageManager.m */; };
		A9B358521EA8D87E004618BB /* FireLikeViewController.m in Sources */ = {isa = PBXBuildFile; fileRef = A9B358511EA8D87E004618BB /* FireLikeViewController.m */; };
		A9B358561EA8D8DC004618BB /* LJZFireLikeView.m in Sources */ = {isa = PBXBuildFile; fileRef = A9B358551EA8D8DC004618BB /* LJZFireLikeView.m */; };
		A9B3585A1EA8D95F004618BB /* UIView+LJZ.m in Sources */ = {isa = PBXBuildFile; fileRef = A9B358591EA8D95F004618BB /* UIView+LJZ.m */; };
		A9B358621EA8DA2B004618BB /* icon_heart_1@2x.png in Resources */ = {isa = PBXBuildFile; fileRef = A9B3585B1EA8DA2B004618BB /* icon_heart_1@2x.png */; };
		A9B358631EA8DA2B004618BB /* icon_heart_1@3x.png in Resources */ = {isa = PBXBuildFile; fileRef = A9B3585C1EA8DA2B004618BB /* icon_heart_1@3x.png */; };
		A9B358641EA8DA2B004618BB /* icon_heart_2@2x.png in Resources */ = {isa = PBXBuildFile; fileRef = A9B3585D1EA8DA2B004618BB /* icon_heart_2@2x.png */; };
		A9B358651EA8DA2B004618BB /* icon_heart_2@3x.png in Resources */ = {isa = PBXBuildFile; fileRef = A9B3585E1EA8DA2B004618BB /* icon_heart_2@3x.png */; };
		A9B358661EA8DA2B004618BB /* icon_heart_3@2x.png in Resources */ = {isa = PBXBuildFile; fileRef = A9B3585F1EA8DA2B004618BB /* icon_heart_3@2x.png */; };
		A9B358671EA8DA2B004618BB /* icon_heart_3@3x.png in Resources */ = {isa = PBXBuildFile; fileRef = A9B358601EA8DA2B004618BB /* icon_heart_3@3x.png */; };
		A9CA777421BBA0A500C63889 /* voice.m4a in Resources */ = {isa = PBXBuildFile; fileRef = A9CA777321BBA0A500C63889 /* voice.m4a */; };
		A9F92A931F726F250084F623 /* Categories in Resources */ = {isa = PBXBuildFile; fileRef = A9F92A921F726F250084F623 /* Categories */; };
		A9F92A951F726F570084F623 /* Generators in Resources */ = {isa = PBXBuildFile; fileRef = A9F92A941F726F570084F623 /* Generators */; };
		AC588C31B7636BDB55504965 /* libPods-CodeLibrary.a in Frameworks */ = {isa = PBXBuildFile; fileRef = 37E7A80F8F9C0BDAD8A78FFC /* libPods-CodeLibrary.a */; };
		AF282EED2240DE1C006B3B76 /* StickyHeaderViewController.m in Sources */ = {isa = PBXBuildFile; fileRef = AF282EEC2240DE1C006B3B76 /* StickyHeaderViewController.m */; };
		AF282EF02240DF7A006B3B76 /* LJZStickyHeaderView.m in Sources */ = {isa = PBXBuildFile; fileRef = AF282EEF2240DF7A006B3B76 /* LJZStickyHeaderView.m */; };
		AF282EF32240E015006B3B76 /* LJZHeaderRefreshView.m in Sources */ = {isa = PBXBuildFile; fileRef = AF282EF22240E015006B3B76 /* LJZHeaderRefreshView.m */; };
		AF282EF62240E0BE006B3B76 /* UIScrollView+StickyHeader.m in Sources */ = {isa = PBXBuildFile; fileRef = AF282EF52240E0BE006B3B76 /* UIScrollView+StickyHeader.m */; };
		AF282EFA2240EB42006B3B76 /* LJZRecordViewController.m in Sources */ = {isa = PBXBuildFile; fileRef = AF282EF92240EB42006B3B76 /* LJZRecordViewController.m */; };
		AF282EFD2240EBD5006B3B76 /* LJZMotionManager.m in Sources */ = {isa = PBXBuildFile; fileRef = AF282EFC2240EBD5006B3B76 /* LJZMotionManager.m */; };
		AF282F002240EC72006B3B76 /* LJZRecordEncoder.m in Sources */ = {isa = PBXBuildFile; fileRef = AF282EFF2240EC72006B3B76 /* LJZRecordEncoder.m */; };
		AF282F032240ED18006B3B76 /* LJZRecordManager.m in Sources */ = {isa = PBXBuildFile; fileRef = AF282F022240ED18006B3B76 /* LJZRecordManager.m */; };
		AF282F062240EDFB006B3B76 /* LJZRecordProgressView.m in Sources */ = {isa = PBXBuildFile; fileRef = AF282F052240EDFB006B3B76 /* LJZRecordProgressView.m */; };
		AF282F092240EE9D006B3B76 /* LJZRecordSuccessPreview.m in Sources */ = {isa = PBXBuildFile; fileRef = AF282F082240EE9D006B3B76 /* LJZRecordSuccessPreview.m */; };
		AF282F212240F1E6006B3B76 /* btn_video_flash_open@2x.png in Resources */ = {isa = PBXBuildFile; fileRef = AF282F0B2240F1E6006B3B76 /* btn_video_flash_open@2x.png */; };
		AF282F222240F1E6006B3B76 /* btn_cancel_a@2x.png in Resources */ = {isa = PBXBuildFile; fileRef = AF282F0C2240F1E6006B3B76 /* btn_cancel_a@2x.png */; };
		AF282F232240F1E6006B3B76 /* 短视频_重拍@2x.png in Resources */ = {isa = PBXBuildFile; fileRef = AF282F0D2240F1E6006B3B76 /* 短视频_重拍@2x.png */; };
		AF282F242240F1E6006B3B76 /* icon_btn_camera_flash_auto.png in Resources */ = {isa = PBXBuildFile; fileRef = AF282F0E2240F1E6006B3B76 /* icon_btn_camera_flash_auto.png */; };
		AF282F252240F1E6006B3B76 /* btn_video_flash_close@2x.png in Resources */ = {isa = PBXBuildFile; fileRef = AF282F0F2240F1E6006B3B76 /* btn_video_flash_close@2x.png */; };
		AF282F262240F1E6006B3B76 /* icon_btn_camera_flash_on@2x.png in Resources */ = {isa = PBXBuildFile; fileRef = AF282F102240F1E6006B3B76 /* icon_btn_camera_flash_on@2x.png */; };
		AF282F272240F1E6006B3B76 /* btn_video_flip_camera.png in Resources */ = {isa = PBXBuildFile; fileRef = AF282F112240F1E6006B3B76 /* btn_video_flip_camera.png */; };
		AF282F282240F1E6006B3B76 /* 短视频_关闭.png in Resources */ = {isa = PBXBuildFile; fileRef = AF282F122240F1E6006B3B76 /* 短视频_关闭.png */; };
		AF282F292240F1E6006B3B76 /* btn_video_flash_open.png in Resources */ = {isa = PBXBuildFile; fileRef = AF282F132240F1E6006B3B76 /* btn_video_flash_open.png */; };
		AF282F2A2240F1E6006B3B76 /* sc_btn_take@2x.png in Resources */ = {isa = PBXBuildFile; fileRef = AF282F142240F1E6006B3B76 /* sc_btn_take@2x.png */; };
		AF282F2B2240F1E6006B3B76 /* btn_cancel_a.png in Resources */ = {isa = PBXBuildFile; fileRef = AF282F152240F1E6006B3B76 /* btn_cancel_a.png */; };
		AF282F2C2240F1E6006B3B76 /* camera_focus_red.png in Resources */ = {isa = PBXBuildFile; fileRef = AF282F162240F1E6006B3B76 /* camera_focus_red.png */; };
		AF282F2D2240F1E6006B3B76 /* camera_focus_red@2x.png in Resources */ = {isa = PBXBuildFile; fileRef = AF282F172240F1E6006B3B76 /* camera_focus_red@2x.png */; };
		AF282F2E2240F1E6006B3B76 /* icon_btn_camera_flash_on.png in Resources */ = {isa = PBXBuildFile; fileRef = AF282F182240F1E6006B3B76 /* icon_btn_camera_flash_on.png */; };
		AF282F2F2240F1E6006B3B76 /* btn_video_flash_close.png in Resources */ = {isa = PBXBuildFile; fileRef = AF282F192240F1E6006B3B76 /* btn_video_flash_close.png */; };
		AF282F302240F1E6006B3B76 /* btn_video_flip_camera@2x.png in Resources */ = {isa = PBXBuildFile; fileRef = AF282F1A2240F1E6006B3B76 /* btn_video_flip_camera@2x.png */; };
		AF282F312240F1E6006B3B76 /* 短视频_完成@2x.png in Resources */ = {isa = PBXBuildFile; fileRef = AF282F1B2240F1E6006B3B76 /* 短视频_完成@2x.png */; };
		AF282F322240F1E6006B3B76 /* icon_btn_camera_flash_off@2x.png in Resources */ = {isa = PBXBuildFile; fileRef = AF282F1C2240F1E6006B3B76 /* icon_btn_camera_flash_off@2x.png */; };
		AF282F332240F1E6006B3B76 /* icon_btn_camera_flash_auto@2x.png in Resources */ = {isa = PBXBuildFile; fileRef = AF282F1D2240F1E6006B3B76 /* icon_btn_camera_flash_auto@2x.png */; };
		AF282F342240F1E6006B3B76 /* 短视频_翻转@2x.png in Resources */ = {isa = PBXBuildFile; fileRef = AF282F1E2240F1E6006B3B76 /* 短视频_翻转@2x.png */; };
		AF282F352240F1E6006B3B76 /* sc_btn_take.png in Resources */ = {isa = PBXBuildFile; fileRef = AF282F1F2240F1E6006B3B76 /* sc_btn_take.png */; };
		AF282F362240F1E6006B3B76 /* icon_btn_camera_flash_off.png in Resources */ = {isa = PBXBuildFile; fileRef = AF282F202240F1E6006B3B76 /* icon_btn_camera_flash_off.png */; };
/* End PBXBuildFile section */

/* Begin PBXContainerItemProxy section */
		A9B0D9B41E9DF9970024361F /* PBXContainerItemProxy */ = {
			isa = PBXContainerItemProxy;
			containerPortal = A9B0D9921E9DF9970024361F /* Project object */;
			proxyType = 1;
			remoteGlobalIDString = A9B0D9991E9DF9970024361F;
			remoteInfo = CodeLibrary;
		};
		A9B0D9BF1E9DF9970024361F /* PBXContainerItemProxy */ = {
			isa = PBXContainerItemProxy;
			containerPortal = A9B0D9921E9DF9970024361F /* Project object */;
			proxyType = 1;
			remoteGlobalIDString = A9B0D9991E9DF9970024361F;
			remoteInfo = CodeLibrary;
		};
/* End PBXContainerItemProxy section */

/* Begin PBXFileReference section */
		37E7A80F8F9C0BDAD8A78FFC /* libPods-CodeLibrary.a */ = {isa = PBXFileReference; explicitFileType = archive.ar; includeInIndex = 0; path = "libPods-CodeLibrary.a"; sourceTree = BUILT_PRODUCTS_DIR; };
		A221F0ED20A2A128000AC6A8 /* exportAppstore.plist */ = {isa = PBXFileReference; fileEncoding = 4; lastKnownFileType = text.plist.xml; path = exportAppstore.plist; sourceTree = "<group>"; };
		A221F0EE20A2A128000AC6A8 /* shell.sh */ = {isa = PBXFileReference; fileEncoding = 4; lastKnownFileType = text.script.sh; path = shell.sh; sourceTree = "<group>"; };
		A221F0EF20A2A129000AC6A8 /* exportTest.plist */ = {isa = PBXFileReference; fileEncoding = 4; lastKnownFileType = text.plist.xml; path = exportTest.plist; sourceTree = "<group>"; };
		A225D67F20B7FD8100654D27 /* NetworkSpeedViewController.h */ = {isa = PBXFileReference; lastKnownFileType = sourcecode.c.h; path = NetworkSpeedViewController.h; sourceTree = "<group>"; };
		A225D68020B7FD8100654D27 /* NetworkSpeedViewController.m */ = {isa = PBXFileReference; lastKnownFileType = sourcecode.c.objc; path = NetworkSpeedViewController.m; sourceTree = "<group>"; };
		A225D68320B7FDD300654D27 /* GetNetWorkSpeed.h */ = {isa = PBXFileReference; fileEncoding = 4; lastKnownFileType = sourcecode.c.h; path = GetNetWorkSpeed.h; sourceTree = "<group>"; };
		A225D68420B7FDD300654D27 /* GetNetWorkSpeed.m */ = {isa = PBXFileReference; fileEncoding = 4; lastKnownFileType = sourcecode.c.objc; path = GetNetWorkSpeed.m; sourceTree = "<group>"; };
		A2285648205F611100B6B2F5 /* GifMakerViewController.h */ = {isa = PBXFileReference; lastKnownFileType = sourcecode.c.h; path = GifMakerViewController.h; sourceTree = "<group>"; };
		A2285649205F611100B6B2F5 /* GifMakerViewController.m */ = {isa = PBXFileReference; lastKnownFileType = sourcecode.c.objc; path = GifMakerViewController.m; sourceTree = "<group>"; };
		A228564C205F625500B6B2F5 /* LJZTool.h */ = {isa = PBXFileReference; fileEncoding = 4; lastKnownFileType = sourcecode.c.h; path = LJZTool.h; sourceTree = "<group>"; };
		A228564D205F625500B6B2F5 /* LJZTool.m */ = {isa = PBXFileReference; fileEncoding = 4; lastKnownFileType = sourcecode.c.objc; path = LJZTool.m; sourceTree = "<group>"; };
		A2285651205F823D00B6B2F5 /* IMG_0088.mp4 */ = {isa = PBXFileReference; lastKnownFileType = file; path = IMG_0088.mp4; sourceTree = "<group>"; };
		A2285653205F955400B6B2F5 /* FloatingViewViewController.h */ = {isa = PBXFileReference; lastKnownFileType = sourcecode.c.h; path = FloatingViewViewController.h; sourceTree = "<group>"; };
		A2285654205F955400B6B2F5 /* FloatingViewViewController.m */ = {isa = PBXFileReference; lastKnownFileType = sourcecode.c.objc; path = FloatingViewViewController.m; sourceTree = "<group>"; };
		A2285657205F958500B6B2F5 /* LJZFloatingView.h */ = {isa = PBXFileReference; lastKnownFileType = sourcecode.c.h; path = LJZFloatingView.h; sourceTree = "<group>"; };
		A2285658205F958500B6B2F5 /* LJZFloatingView.m */ = {isa = PBXFileReference; lastKnownFileType = sourcecode.c.objc; path = LJZFloatingView.m; sourceTree = "<group>"; };
		A228565A205F983F00B6B2F5 /* PaomaViewController.h */ = {isa = PBXFileReference; lastKnownFileType = sourcecode.c.h; path = PaomaViewController.h; sourceTree = "<group>"; };
		A228565B205F983F00B6B2F5 /* PaomaViewController.m */ = {isa = PBXFileReference; lastKnownFileType = sourcecode.c.objc; path = PaomaViewController.m; sourceTree = "<group>"; };
		A228565E205F985C00B6B2F5 /* LJZPaomaView.h */ = {isa = PBXFileReference; lastKnownFileType = sourcecode.c.h; path = LJZPaomaView.h; sourceTree = "<group>"; };
		A228565F205F985C00B6B2F5 /* LJZPaomaView.m */ = {isa = PBXFileReference; lastKnownFileType = sourcecode.c.objc; path = LJZPaomaView.m; sourceTree = "<group>"; };
		A2337B0F20883E660033090F /* SegmentViewViewController.h */ = {isa = PBXFileReference; lastKnownFileType = sourcecode.c.h; path = SegmentViewViewController.h; sourceTree = "<group>"; };
		A2337B1020883E660033090F /* SegmentViewViewController.m */ = {isa = PBXFileReference; lastKnownFileType = sourcecode.c.objc; path = SegmentViewViewController.m; sourceTree = "<group>"; };
		A2337B1320883EE80033090F /* LJZSegmentView.h */ = {isa = PBXFileReference; lastKnownFileType = sourcecode.c.h; path = LJZSegmentView.h; sourceTree = "<group>"; };
		A2337B1420883EE80033090F /* LJZSegmentView.m */ = {isa = PBXFileReference; lastKnownFileType = sourcecode.c.objc; path = LJZSegmentView.m; sourceTree = "<group>"; };
		A7A1567C5FB196E2E349C7A9 /* Pods-CodeLibrary.debug.xcconfig */ = {isa = PBXFileReference; includeInIndex = 1; lastKnownFileType = text.xcconfig; name = "Pods-CodeLibrary.debug.xcconfig"; path = "Pods/Target Support Files/Pods-CodeLibrary/Pods-CodeLibrary.debug.xcconfig"; sourceTree = "<group>"; };
		A905AAB71F414C7500325F01 /* CountDownViewController.h */ = {isa = PBXFileReference; fileEncoding = 4; lastKnownFileType = sourcecode.c.h; path = CountDownViewController.h; sourceTree = "<group>"; };
		A905AAB81F414C7500325F01 /* CountDownViewController.m */ = {isa = PBXFileReference; fileEncoding = 4; lastKnownFileType = sourcecode.c.objc; path = CountDownViewController.m; sourceTree = "<group>"; };
		A905AB6C1F4E84CE00325F01 /* PagesViewController.h */ = {isa = PBXFileReference; fileEncoding = 4; lastKnownFileType = sourcecode.c.h; path = PagesViewController.h; sourceTree = "<group>"; };
		A905AB6D1F4E84CE00325F01 /* PagesViewController.m */ = {isa = PBXFileReference; fileEncoding = 4; lastKnownFileType = sourcecode.c.objc; path = PagesViewController.m; sourceTree = "<group>"; };
		A905AB701F4E84EA00325F01 /* TopBar.h */ = {isa = PBXFileReference; fileEncoding = 4; lastKnownFileType = sourcecode.c.h; path = TopBar.h; sourceTree = "<group>"; };
		A905AB711F4E84EA00325F01 /* TopBar.m */ = {isa = PBXFileReference; fileEncoding = 4; lastKnownFileType = sourcecode.c.objc; path = TopBar.m; sourceTree = "<group>"; };
		A905AB731F4E966900325F01 /* LJZFirstViewController.h */ = {isa = PBXFileReference; fileEncoding = 4; lastKnownFileType = sourcecode.c.h; path = LJZFirstViewController.h; sourceTree = "<group>"; };
		A905AB741F4E966900325F01 /* LJZFirstViewController.m */ = {isa = PBXFileReference; fileEncoding = 4; lastKnownFileType = sourcecode.c.objc; path = LJZFirstViewController.m; sourceTree = "<group>"; };
		A905AB761F4E967300325F01 /* LJZSecondViewController.h */ = {isa = PBXFileReference; fileEncoding = 4; lastKnownFileType = sourcecode.c.h; path = LJZSecondViewController.h; sourceTree = "<group>"; };
		A905AB771F4E967300325F01 /* LJZSecondViewController.m */ = {isa = PBXFileReference; fileEncoding = 4; lastKnownFileType = sourcecode.c.objc; path = LJZSecondViewController.m; sourceTree = "<group>"; };
		A924B23D1E9F4D3A00BEC574 /* images.bundle */ = {isa = PBXFileReference; lastKnownFileType = "wrapper.plug-in"; path = images.bundle; sourceTree = "<group>"; };
		A93EEA582217F1F7005E7148 /* PhotoMakerViewController.h */ = {isa = PBXFileReference; lastKnownFileType = sourcecode.c.h; path = PhotoMakerViewController.h; sourceTree = "<group>"; };
		A93EEA592217F1F7005E7148 /* PhotoMakerViewController.m */ = {isa = PBXFileReference; lastKnownFileType = sourcecode.c.objc; path = PhotoMakerViewController.m; sourceTree = "<group>"; };
		A93EEA5C2217F24C005E7148 /* LJZPhotoMaker.h */ = {isa = PBXFileReference; lastKnownFileType = sourcecode.c.h; path = LJZPhotoMaker.h; sourceTree = "<group>"; };
		A93EEA5D2217F24C005E7148 /* LJZPhotoMaker.m */ = {isa = PBXFileReference; lastKnownFileType = sourcecode.c.objc; path = LJZPhotoMaker.m; sourceTree = "<group>"; };
		A93EEA5F2217FA61005E7148 /* pic1.png */ = {isa = PBXFileReference; lastKnownFileType = image.png; path = pic1.png; sourceTree = "<group>"; };
		A93EEA602217FA61005E7148 /* pic2.png */ = {isa = PBXFileReference; lastKnownFileType = image.png; path = pic2.png; sourceTree = "<group>"; };
		A93EEA612217FA62005E7148 /* pic3.png */ = {isa = PBXFileReference; lastKnownFileType = image.png; path = pic3.png; sourceTree = "<group>"; };
		A93EEA652217FA83005E7148 /* pic4.png */ = {isa = PBXFileReference; lastKnownFileType = image.png; path = pic4.png; sourceTree = "<group>"; };
		A9A8DFEC21BB9B8A00AF13EB /* ShakeViewController.h */ = {isa = PBXFileReference; lastKnownFileType = sourcecode.c.h; path = ShakeViewController.h; sourceTree = "<group>"; };
		A9A8DFED21BB9B8A00AF13EB /* ShakeViewController.m */ = {isa = PBXFileReference; lastKnownFileType = sourcecode.c.objc; path = ShakeViewController.m; sourceTree = "<group>"; };
		A9A8DFF221BB9C2900AF13EB /* LJZShakeManager.h */ = {isa = PBXFileReference; lastKnownFileType = sourcecode.c.h; path = LJZShakeManager.h; sourceTree = "<group>"; };
		A9A8DFF321BB9C2900AF13EB /* LJZShakeManager.m */ = {isa = PBXFileReference; lastKnownFileType = sourcecode.c.objc; path = LJZShakeManager.m; sourceTree = "<group>"; };
		A9B0D99A1E9DF9970024361F /* CodeLibrary.app */ = {isa = PBXFileReference; explicitFileType = wrapper.application; includeInIndex = 0; path = CodeLibrary.app; sourceTree = BUILT_PRODUCTS_DIR; };
		A9B0D99E1E9DF9970024361F /* main.m */ = {isa = PBXFileReference; lastKnownFileType = sourcecode.c.objc; path = main.m; sourceTree = "<group>"; };
		A9B0D9A01E9DF9970024361F /* AppDelegate.h */ = {isa = PBXFileReference; lastKnownFileType = sourcecode.c.h; path = AppDelegate.h; sourceTree = "<group>"; };
		A9B0D9A11E9DF9970024361F /* AppDelegate.m */ = {isa = PBXFileReference; lastKnownFileType = sourcecode.c.objc; path = AppDelegate.m; sourceTree = "<group>"; };
		A9B0D9A31E9DF9970024361F /* ViewController.h */ = {isa = PBXFileReference; lastKnownFileType = sourcecode.c.h; path = ViewController.h; sourceTree = "<group>"; };
		A9B0D9A41E9DF9970024361F /* ViewController.m */ = {isa = PBXFileReference; lastKnownFileType = sourcecode.c.objc; path = ViewController.m; sourceTree = "<group>"; };
		A9B0D9A71E9DF9970024361F /* Base */ = {isa = PBXFileReference; lastKnownFileType = file.storyboard; name = Base; path = Base.lproj/Main.storyboard; sourceTree = "<group>"; };
		A9B0D9A91E9DF9970024361F /* Assets.xcassets */ = {isa = PBXFileReference; lastKnownFileType = folder.assetcatalog; path = Assets.xcassets; sourceTree = "<group>"; };
		A9B0D9AC1E9DF9970024361F /* Base */ = {isa = PBXFileReference; lastKnownFileType = file.storyboard; name = Base; path = Base.lproj/LaunchScreen.storyboard; sourceTree = "<group>"; };
		A9B0D9AE1E9DF9970024361F /* Info.plist */ = {isa = PBXFileReference; lastKnownFileType = text.plist.xml; path = Info.plist; sourceTree = "<group>"; };
		A9B0D9B31E9DF9970024361F /* CodeLibraryTests.xctest */ = {isa = PBXFileReference; explicitFileType = wrapper.cfbundle; includeInIndex = 0; path = CodeLibraryTests.xctest; sourceTree = BUILT_PRODUCTS_DIR; };
		A9B0D9B71E9DF9970024361F /* CodeLibraryTests.m */ = {isa = PBXFileReference; lastKnownFileType = sourcecode.c.objc; path = CodeLibraryTests.m; sourceTree = "<group>"; };
		A9B0D9B91E9DF9970024361F /* Info.plist */ = {isa = PBXFileReference; lastKnownFileType = text.plist.xml; path = Info.plist; sourceTree = "<group>"; };
		A9B0D9BE1E9DF9970024361F /* CodeLibraryUITests.xctest */ = {isa = PBXFileReference; explicitFileType = wrapper.cfbundle; includeInIndex = 0; path = CodeLibraryUITests.xctest; sourceTree = BUILT_PRODUCTS_DIR; };
		A9B0D9C21E9DF9970024361F /* CodeLibraryUITests.m */ = {isa = PBXFileReference; lastKnownFileType = sourcecode.c.objc; path = CodeLibraryUITests.m; sourceTree = "<group>"; };
		A9B0D9C41E9DF9970024361F /* Info.plist */ = {isa = PBXFileReference; lastKnownFileType = text.plist.xml; path = Info.plist; sourceTree = "<group>"; };
		A9B0D9D01E9DF9E60024361F /* Define.h */ = {isa = PBXFileReference; lastKnownFileType = sourcecode.c.h; path = Define.h; sourceTree = "<group>"; };
		A9B0D9D11E9DF9FE0024361F /* CodePrefix.pch */ = {isa = PBXFileReference; lastKnownFileType = sourcecode.c.h; path = CodePrefix.pch; sourceTree = "<group>"; };
		A9B0D9D81E9E29DC0024361F /* BarrageViewController.h */ = {isa = PBXFileReference; fileEncoding = 4; lastKnownFileType = sourcecode.c.h; path = BarrageViewController.h; sourceTree = "<group>"; };
		A9B0D9D91E9E29DC0024361F /* BarrageViewController.m */ = {isa = PBXFileReference; fileEncoding = 4; lastKnownFileType = sourcecode.c.objc; path = BarrageViewController.m; sourceTree = "<group>"; };
		A9B0D9DC1E9E2A170024361F /* LJZBarrageView.h */ = {isa = PBXFileReference; fileEncoding = 4; lastKnownFileType = sourcecode.c.h; path = LJZBarrageView.h; sourceTree = "<group>"; };
		A9B0D9DD1E9E2A170024361F /* LJZBarrageView.m */ = {isa = PBXFileReference; fileEncoding = 4; lastKnownFileType = sourcecode.c.objc; path = LJZBarrageView.m; sourceTree = "<group>"; };
		A9B0D9DF1E9E2C0B0024361F /* LJZBarrageManager.h */ = {isa = PBXFileReference; fileEncoding = 4; lastKnownFileType = sourcecode.c.h; path = LJZBarrageManager.h; sourceTree = "<group>"; };
		A9B0D9E01E9E2C0B0024361F /* LJZBarrageManager.m */ = {isa = PBXFileReference; fileEncoding = 4; lastKnownFileType = sourcecode.c.objc; path = LJZBarrageManager.m; sourceTree = "<group>"; };
		A9B358501EA8D87E004618BB /* FireLikeViewController.h */ = {isa = PBXFileReference; fileEncoding = 4; lastKnownFileType = sourcecode.c.h; path = FireLikeViewController.h; sourceTree = "<group>"; };
		A9B358511EA8D87E004618BB /* FireLikeViewController.m */ = {isa = PBXFileReference; fileEncoding = 4; lastKnownFileType = sourcecode.c.objc; path = FireLikeViewController.m; sourceTree = "<group>"; };
		A9B358541EA8D8DC004618BB /* LJZFireLikeView.h */ = {isa = PBXFileReference; fileEncoding = 4; lastKnownFileType = sourcecode.c.h; path = LJZFireLikeView.h; sourceTree = "<group>"; };
		A9B358551EA8D8DC004618BB /* LJZFireLikeView.m */ = {isa = PBXFileReference; fileEncoding = 4; lastKnownFileType = sourcecode.c.objc; path = LJZFireLikeView.m; sourceTree = "<group>"; };
		A9B358581EA8D95F004618BB /* UIView+LJZ.h */ = {isa = PBXFileReference; fileEncoding = 4; lastKnownFileType = sourcecode.c.h; path = "UIView+LJZ.h"; sourceTree = "<group>"; };
		A9B358591EA8D95F004618BB /* UIView+LJZ.m */ = {isa = PBXFileReference; fileEncoding = 4; lastKnownFileType = sourcecode.c.objc; path = "UIView+LJZ.m"; sourceTree = "<group>"; };
		A9B3585B1EA8DA2B004618BB /* icon_heart_1@2x.png */ = {isa = PBXFileReference; lastKnownFileType = image.png; path = "icon_heart_1@2x.png"; sourceTree = "<group>"; };
		A9B3585C1EA8DA2B004618BB /* icon_heart_1@3x.png */ = {isa = PBXFileReference; lastKnownFileType = image.png; path = "icon_heart_1@3x.png"; sourceTree = "<group>"; };
		A9B3585D1EA8DA2B004618BB /* icon_heart_2@2x.png */ = {isa = PBXFileReference; lastKnownFileType = image.png; path = "icon_heart_2@2x.png"; sourceTree = "<group>"; };
		A9B3585E1EA8DA2B004618BB /* icon_heart_2@3x.png */ = {isa = PBXFileReference; lastKnownFileType = image.png; path = "icon_heart_2@3x.png"; sourceTree = "<group>"; };
		A9B3585F1EA8DA2B004618BB /* icon_heart_3@2x.png */ = {isa = PBXFileReference; lastKnownFileType = image.png; path = "icon_heart_3@2x.png"; sourceTree = "<group>"; };
		A9B358601EA8DA2B004618BB /* icon_heart_3@3x.png */ = {isa = PBXFileReference; lastKnownFileType = image.png; path = "icon_heart_3@3x.png"; sourceTree = "<group>"; };
		A9CA777321BBA0A500C63889 /* voice.m4a */ = {isa = PBXFileReference; lastKnownFileType = file; path = voice.m4a; sourceTree = "<group>"; };
		A9F92A921F726F250084F623 /* Categories */ = {isa = PBXFileReference; lastKnownFileType = folder; path = Categories; sourceTree = "<group>"; };
		A9F92A941F726F570084F623 /* Generators */ = {isa = PBXFileReference; lastKnownFileType = folder; path = Generators; sourceTree = "<group>"; };
		AF282EEB2240DE1C006B3B76 /* StickyHeaderViewController.h */ = {isa = PBXFileReference; lastKnownFileType = sourcecode.c.h; path = StickyHeaderViewController.h; sourceTree = "<group>"; };
		AF282EEC2240DE1C006B3B76 /* StickyHeaderViewController.m */ = {isa = PBXFileReference; lastKnownFileType = sourcecode.c.objc; path = StickyHeaderViewController.m; sourceTree = "<group>"; };
		AF282EEE2240DF7A006B3B76 /* LJZStickyHeaderView.h */ = {isa = PBXFileReference; lastKnownFileType = sourcecode.c.h; path = LJZStickyHeaderView.h; sourceTree = "<group>"; };
		AF282EEF2240DF7A006B3B76 /* LJZStickyHeaderView.m */ = {isa = PBXFileReference; lastKnownFileType = sourcecode.c.objc; path = LJZStickyHeaderView.m; sourceTree = "<group>"; };
		AF282EF12240E015006B3B76 /* LJZHeaderRefreshView.h */ = {isa = PBXFileReference; lastKnownFileType = sourcecode.c.h; path = LJZHeaderRefreshView.h; sourceTree = "<group>"; };
		AF282EF22240E015006B3B76 /* LJZHeaderRefreshView.m */ = {isa = PBXFileReference; lastKnownFileType = sourcecode.c.objc; path = LJZHeaderRefreshView.m; sourceTree = "<group>"; };
		AF282EF42240E0BE006B3B76 /* UIScrollView+StickyHeader.h */ = {isa = PBXFileReference; lastKnownFileType = sourcecode.c.h; path = "UIScrollView+StickyHeader.h"; sourceTree = "<group>"; };
		AF282EF52240E0BE006B3B76 /* UIScrollView+StickyHeader.m */ = {isa = PBXFileReference; lastKnownFileType = sourcecode.c.objc; path = "UIScrollView+StickyHeader.m"; sourceTree = "<group>"; };
		AF282EF82240EB42006B3B76 /* LJZRecordViewController.h */ = {isa = PBXFileReference; lastKnownFileType = sourcecode.c.h; path = LJZRecordViewController.h; sourceTree = "<group>"; };
		AF282EF92240EB42006B3B76 /* LJZRecordViewController.m */ = {isa = PBXFileReference; lastKnownFileType = sourcecode.c.objc; path = LJZRecordViewController.m; sourceTree = "<group>"; };
		AF282EFB2240EBD5006B3B76 /* LJZMotionManager.h */ = {isa = PBXFileReference; lastKnownFileType = sourcecode.c.h; path = LJZMotionManager.h; sourceTree = "<group>"; };
		AF282EFC2240EBD5006B3B76 /* LJZMotionManager.m */ = {isa = PBXFileReference; lastKnownFileType = sourcecode.c.objc; path = LJZMotionManager.m; sourceTree = "<group>"; };
		AF282EFE2240EC72006B3B76 /* LJZRecordEncoder.h */ = {isa = PBXFileReference; lastKnownFileType = sourcecode.c.h; path = LJZRecordEncoder.h; sourceTree = "<group>"; };
		AF282EFF2240EC72006B3B76 /* LJZRecordEncoder.m */ = {isa = PBXFileReference; lastKnownFileType = sourcecode.c.objc; path = LJZRecordEncoder.m; sourceTree = "<group>"; };
		AF282F012240ED18006B3B76 /* LJZRecordManager.h */ = {isa = PBXFileReference; lastKnownFileType = sourcecode.c.h; path = LJZRecordManager.h; sourceTree = "<group>"; };
		AF282F022240ED18006B3B76 /* LJZRecordManager.m */ = {isa = PBXFileReference; lastKnownFileType = sourcecode.c.objc; path = LJZRecordManager.m; sourceTree = "<group>"; };
		AF282F042240EDFB006B3B76 /* LJZRecordProgressView.h */ = {isa = PBXFileReference; lastKnownFileType = sourcecode.c.h; path = LJZRecordProgressView.h; sourceTree = "<group>"; };
		AF282F052240EDFB006B3B76 /* LJZRecordProgressView.m */ = {isa = PBXFileReference; lastKnownFileType = sourcecode.c.objc; path = LJZRecordProgressView.m; sourceTree = "<group>"; };
		AF282F072240EE9D006B3B76 /* LJZRecordSuccessPreview.h */ = {isa = PBXFileReference; lastKnownFileType = sourcecode.c.h; path = LJZRecordSuccessPreview.h; sourceTree = "<group>"; };
		AF282F082240EE9D006B3B76 /* LJZRecordSuccessPreview.m */ = {isa = PBXFileReference; lastKnownFileType = sourcecode.c.objc; path = LJZRecordSuccessPreview.m; sourceTree = "<group>"; };
		AF282F0B2240F1E6006B3B76 /* btn_video_flash_open@2x.png */ = {isa = PBXFileReference; lastKnownFileType = image.png; path = "btn_video_flash_open@2x.png"; sourceTree = "<group>"; };
		AF282F0C2240F1E6006B3B76 /* btn_cancel_a@2x.png */ = {isa = PBXFileReference; lastKnownFileType = image.png; path = "btn_cancel_a@2x.png"; sourceTree = "<group>"; };
		AF282F0D2240F1E6006B3B76 /* 短视频_重拍@2x.png */ = {isa = PBXFileReference; lastKnownFileType = image.png; path = "短视频_重拍@2x.png"; sourceTree = "<group>"; };
		AF282F0E2240F1E6006B3B76 /* icon_btn_camera_flash_auto.png */ = {isa = PBXFileReference; lastKnownFileType = image.png; path = icon_btn_camera_flash_auto.png; sourceTree = "<group>"; };
		AF282F0F2240F1E6006B3B76 /* btn_video_flash_close@2x.png */ = {isa = PBXFileReference; lastKnownFileType = image.png; path = "btn_video_flash_close@2x.png"; sourceTree = "<group>"; };
		AF282F102240F1E6006B3B76 /* icon_btn_camera_flash_on@2x.png */ = {isa = PBXFileReference; lastKnownFileType = image.png; path = "icon_btn_camera_flash_on@2x.png"; sourceTree = "<group>"; };
		AF282F112240F1E6006B3B76 /* btn_video_flip_camera.png */ = {isa = PBXFileReference; lastKnownFileType = image.png; path = btn_video_flip_camera.png; sourceTree = "<group>"; };
		AF282F122240F1E6006B3B76 /* 短视频_关闭.png */ = {isa = PBXFileReference; lastKnownFileType = image.png; path = "短视频_关闭.png"; sourceTree = "<group>"; };
		AF282F132240F1E6006B3B76 /* btn_video_flash_open.png */ = {isa = PBXFileReference; lastKnownFileType = image.png; path = btn_video_flash_open.png; sourceTree = "<group>"; };
		AF282F142240F1E6006B3B76 /* sc_btn_take@2x.png */ = {isa = PBXFileReference; lastKnownFileType = image.png; path = "sc_btn_take@2x.png"; sourceTree = "<group>"; };
		AF282F152240F1E6006B3B76 /* btn_cancel_a.png */ = {isa = PBXFileReference; lastKnownFileType = image.png; path = btn_cancel_a.png; sourceTree = "<group>"; };
		AF282F162240F1E6006B3B76 /* camera_focus_red.png */ = {isa = PBXFileReference; lastKnownFileType = image.png; path = camera_focus_red.png; sourceTree = "<group>"; };
		AF282F172240F1E6006B3B76 /* camera_focus_red@2x.png */ = {isa = PBXFileReference; lastKnownFileType = image.png; path = "camera_focus_red@2x.png"; sourceTree = "<group>"; };
		AF282F182240F1E6006B3B76 /* icon_btn_camera_flash_on.png */ = {isa = PBXFileReference; lastKnownFileType = image.png; path = icon_btn_camera_flash_on.png; sourceTree = "<group>"; };
		AF282F192240F1E6006B3B76 /* btn_video_flash_close.png */ = {isa = PBXFileReference; lastKnownFileType = image.png; path = btn_video_flash_close.png; sourceTree = "<group>"; };
		AF282F1A2240F1E6006B3B76 /* btn_video_flip_camera@2x.png */ = {isa = PBXFileReference; lastKnownFileType = image.png; path = "btn_video_flip_camera@2x.png"; sourceTree = "<group>"; };
		AF282F1B2240F1E6006B3B76 /* 短视频_完成@2x.png */ = {isa = PBXFileReference; lastKnownFileType = image.png; path = "短视频_完成@2x.png"; sourceTree = "<group>"; };
		AF282F1C2240F1E6006B3B76 /* icon_btn_camera_flash_off@2x.png */ = {isa = PBXFileReference; lastKnownFileType = image.png; path = "icon_btn_camera_flash_off@2x.png"; sourceTree = "<group>"; };
		AF282F1D2240F1E6006B3B76 /* icon_btn_camera_flash_auto@2x.png */ = {isa = PBXFileReference; lastKnownFileType = image.png; path = "icon_btn_camera_flash_auto@2x.png"; sourceTree = "<group>"; };
		AF282F1E2240F1E6006B3B76 /* 短视频_翻转@2x.png */ = {isa = PBXFileReference; lastKnownFileType = image.png; path = "短视频_翻转@2x.png"; sourceTree = "<group>"; };
		AF282F1F2240F1E6006B3B76 /* sc_btn_take.png */ = {isa = PBXFileReference; lastKnownFileType = image.png; path = sc_btn_take.png; sourceTree = "<group>"; };
		AF282F202240F1E6006B3B76 /* icon_btn_camera_flash_off.png */ = {isa = PBXFileReference; lastKnownFileType = image.png; path = icon_btn_camera_flash_off.png; sourceTree = "<group>"; };
		FF7E25F2462D2303DA3F8455 /* Pods-CodeLibrary.release.xcconfig */ = {isa = PBXFileReference; includeInIndex = 1; lastKnownFileType = text.xcconfig; name = "Pods-CodeLibrary.release.xcconfig"; path = "Pods/Target Support Files/Pods-CodeLibrary/Pods-CodeLibrary.release.xcconfig"; sourceTree = "<group>"; };
/* End PBXFileReference section */

/* Begin PBXFrameworksBuildPhase section */
		A9B0D9971E9DF9970024361F /* Frameworks */ = {
			isa = PBXFrameworksBuildPhase;
			buildActionMask = 2147483647;
			files = (
				AC588C31B7636BDB55504965 /* libPods-CodeLibrary.a in Frameworks */,
			);
			runOnlyForDeploymentPostprocessing = 0;
		};
		A9B0D9B01E9DF9970024361F /* Frameworks */ = {
			isa = PBXFrameworksBuildPhase;
			buildActionMask = 2147483647;
			files = (
			);
			runOnlyForDeploymentPostprocessing = 0;
		};
		A9B0D9BB1E9DF9970024361F /* Frameworks */ = {
			isa = PBXFrameworksBuildPhase;
			buildActionMask = 2147483647;
			files = (
			);
			runOnlyForDeploymentPostprocessing = 0;
		};
/* End PBXFrameworksBuildPhase section */

/* Begin PBXGroup section */
		01E11C4F2D0B035C19F6C34E /* Frameworks */ = {
			isa = PBXGroup;
			children = (
				37E7A80F8F9C0BDAD8A78FFC /* libPods-CodeLibrary.a */,
			);
			name = Frameworks;
			sourceTree = "<group>";
		};
		A225D68220B7FD8900654D27 /* NetworkSpeed */ = {
			isa = PBXGroup;
			children = (
				A225D67F20B7FD8100654D27 /* NetworkSpeedViewController.h */,
				A225D68020B7FD8100654D27 /* NetworkSpeedViewController.m */,
				A225D68320B7FDD300654D27 /* GetNetWorkSpeed.h */,
				A225D68420B7FDD300654D27 /* GetNetWorkSpeed.m */,
			);
			name = NetworkSpeed;
			sourceTree = "<group>";
		};
		A228564B205F611D00B6B2F5 /* GifMaker */ = {
			isa = PBXGroup;
			children = (
				A2285648205F611100B6B2F5 /* GifMakerViewController.h */,
				A2285649205F611100B6B2F5 /* GifMakerViewController.m */,
			);
			name = GifMaker;
			sourceTree = "<group>";
		};
		A2285656205F955800B6B2F5 /* FloatingView */ = {
			isa = PBXGroup;
			children = (
				A2285657205F958500B6B2F5 /* LJZFloatingView.h */,
				A2285658205F958500B6B2F5 /* LJZFloatingView.m */,
				A2285653205F955400B6B2F5 /* FloatingViewViewController.h */,
				A2285654205F955400B6B2F5 /* FloatingViewViewController.m */,
			);
			name = FloatingView;
			sourceTree = "<group>";
		};
		A228565D205F984600B6B2F5 /* PaomaView */ = {
			isa = PBXGroup;
			children = (
				A228565A205F983F00B6B2F5 /* PaomaViewController.h */,
				A228565B205F983F00B6B2F5 /* PaomaViewController.m */,
				A228565E205F985C00B6B2F5 /* LJZPaomaView.h */,
				A228565F205F985C00B6B2F5 /* LJZPaomaView.m */,
			);
			name = PaomaView;
			sourceTree = "<group>";
		};
		A2337B1220883E7A0033090F /* segmentView */ = {
			isa = PBXGroup;
			children = (
				A2337B0F20883E660033090F /* SegmentViewViewController.h */,
				A2337B1020883E660033090F /* SegmentViewViewController.m */,
				A2337B1320883EE80033090F /* LJZSegmentView.h */,
				A2337B1420883EE80033090F /* LJZSegmentView.m */,
			);
			name = segmentView;
			sourceTree = "<group>";
		};
		A905AABA1F414C7D00325F01 /* CountDown */ = {
			isa = PBXGroup;
			children = (
				A905AAB71F414C7500325F01 /* CountDownViewController.h */,
				A905AAB81F414C7500325F01 /* CountDownViewController.m */,
			);
			name = CountDown;
			sourceTree = "<group>";
		};
		A905AB6F1F4E84D400325F01 /* Pages */ = {
			isa = PBXGroup;
			children = (
				A905AB6C1F4E84CE00325F01 /* PagesViewController.h */,
				A905AB6D1F4E84CE00325F01 /* PagesViewController.m */,
				A905AB701F4E84EA00325F01 /* TopBar.h */,
				A905AB711F4E84EA00325F01 /* TopBar.m */,
				A905AB731F4E966900325F01 /* LJZFirstViewController.h */,
				A905AB741F4E966900325F01 /* LJZFirstViewController.m */,
				A905AB761F4E967300325F01 /* LJZSecondViewController.h */,
				A905AB771F4E967300325F01 /* LJZSecondViewController.m */,
			);
			name = Pages;
			sourceTree = "<group>";
		};
		A93EEA5B2217F1FD005E7148 /* PhotoMaker */ = {
			isa = PBXGroup;
			children = (
				A93EEA582217F1F7005E7148 /* PhotoMakerViewController.h */,
				A93EEA592217F1F7005E7148 /* PhotoMakerViewController.m */,
				A93EEA5C2217F24C005E7148 /* LJZPhotoMaker.h */,
				A93EEA5D2217F24C005E7148 /* LJZPhotoMaker.m */,
			);
			name = PhotoMaker;
			sourceTree = "<group>";
		};
		A9A8DFEB21BB9AF800AF13EB /* shake */ = {
			isa = PBXGroup;
			children = (
				A9A8DFEC21BB9B8A00AF13EB /* ShakeViewController.h */,
				A9A8DFED21BB9B8A00AF13EB /* ShakeViewController.m */,
				A9A8DFF221BB9C2900AF13EB /* LJZShakeManager.h */,
				A9A8DFF321BB9C2900AF13EB /* LJZShakeManager.m */,
			);
			name = shake;
			sourceTree = "<group>";
		};
		A9B0D9911E9DF9970024361F = {
			isa = PBXGroup;
			children = (
				A221F0ED20A2A128000AC6A8 /* exportAppstore.plist */,
				A221F0EF20A2A129000AC6A8 /* exportTest.plist */,
				A221F0EE20A2A128000AC6A8 /* shell.sh */,
				A9B0D99C1E9DF9970024361F /* CodeLibrary */,
				A9B0D9B61E9DF9970024361F /* CodeLibraryTests */,
				A9B0D9C11E9DF9970024361F /* CodeLibraryUITests */,
				A9B0D99B1E9DF9970024361F /* Products */,
				F284FC1AE56DD4EDD18038DD /* Pods */,
				01E11C4F2D0B035C19F6C34E /* Frameworks */,
			);
			sourceTree = "<group>";
		};
		A9B0D99B1E9DF9970024361F /* Products */ = {
			isa = PBXGroup;
			children = (
				A9B0D99A1E9DF9970024361F /* CodeLibrary.app */,
				A9B0D9B31E9DF9970024361F /* CodeLibraryTests.xctest */,
				A9B0D9BE1E9DF9970024361F /* CodeLibraryUITests.xctest */,
			);
			name = Products;
			sourceTree = "<group>";
		};
		A9B0D99C1E9DF9970024361F /* CodeLibrary */ = {
			isa = PBXGroup;
			children = (
				A9B0D9D71E9E00010024361F /* Resource */,
				A9B0D9D61E9DFFF30024361F /* Classes */,
				A9B0D9D41E9DFFD50024361F /* Utility */,
				A9B0D9D31E9DFF1E0024361F /* AppDelegate */,
				A9B0D99D1E9DF9970024361F /* Supporting Files */,
			);
			path = CodeLibrary;
			sourceTree = "<group>";
		};
		A9B0D99D1E9DF9970024361F /* Supporting Files */ = {
			isa = PBXGroup;
			children = (
				A9B0D99E1E9DF9970024361F /* main.m */,
				A9B0D9D01E9DF9E60024361F /* Define.h */,
				A9B0D9D11E9DF9FE0024361F /* CodePrefix.pch */,
			);
			name = "Supporting Files";
			sourceTree = "<group>";
		};
		A9B0D9B61E9DF9970024361F /* CodeLibraryTests */ = {
			isa = PBXGroup;
			children = (
				A9B0D9B71E9DF9970024361F /* CodeLibraryTests.m */,
				A9B0D9B91E9DF9970024361F /* Info.plist */,
			);
			path = CodeLibraryTests;
			sourceTree = "<group>";
		};
		A9B0D9C11E9DF9970024361F /* CodeLibraryUITests */ = {
			isa = PBXGroup;
			children = (
				A9B0D9C21E9DF9970024361F /* CodeLibraryUITests.m */,
				A9B0D9C41E9DF9970024361F /* Info.plist */,
			);
			path = CodeLibraryUITests;
			sourceTree = "<group>";
		};
		A9B0D9D31E9DFF1E0024361F /* AppDelegate */ = {
			isa = PBXGroup;
			children = (
				A9B0D9A01E9DF9970024361F /* AppDelegate.h */,
				A9B0D9A11E9DF9970024361F /* AppDelegate.m */,
				A9B0D9A31E9DF9970024361F /* ViewController.h */,
				A9B0D9A41E9DF9970024361F /* ViewController.m */,
				A9B0D9A61E9DF9970024361F /* Main.storyboard */,
				A9B0D9A91E9DF9970024361F /* Assets.xcassets */,
				A9B0D9AB1E9DF9970024361F /* LaunchScreen.storyboard */,
				A9B0D9AE1E9DF9970024361F /* Info.plist */,
			);
			name = AppDelegate;
			sourceTree = "<group>";
		};
		A9B0D9D41E9DFFD50024361F /* Utility */ = {
			isa = PBXGroup;
			children = (
				A9F92A921F726F250084F623 /* Categories */,
				A9B358581EA8D95F004618BB /* UIView+LJZ.h */,
				A9B358591EA8D95F004618BB /* UIView+LJZ.m */,
				A228564C205F625500B6B2F5 /* LJZTool.h */,
				A228564D205F625500B6B2F5 /* LJZTool.m */,
				A9F92A941F726F570084F623 /* Generators */,
			);
			name = Utility;
			sourceTree = "<group>";
		};
		A9B0D9D61E9DFFF30024361F /* Classes */ = {
			isa = PBXGroup;
			children = (
				AF282EF72240E771006B3B76 /* VideoRecord */,
				AF282EEA2240DDAC006B3B76 /* StickyHeaderView */,
				A9A8DFEB21BB9AF800AF13EB /* shake */,
				A9B358531EA8D8B5004618BB /* FireLike */,
				A9B0D9DB1E9E29E80024361F /* Barrage */,
				A905AABA1F414C7D00325F01 /* CountDown */,
				A905AB6F1F4E84D400325F01 /* Pages */,
				A228564B205F611D00B6B2F5 /* GifMaker */,
				A2285656205F955800B6B2F5 /* FloatingView */,
				A228565D205F984600B6B2F5 /* PaomaView */,
				A2337B1220883E7A0033090F /* segmentView */,
				A225D68220B7FD8900654D27 /* NetworkSpeed */,
				A93EEA5B2217F1FD005E7148 /* PhotoMaker */,
			);
			name = Classes;
			sourceTree = "<group>";
		};
		A9B0D9D71E9E00010024361F /* Resource */ = {
			isa = PBXGroup;
			children = (
				A93EEA5F2217FA61005E7148 /* pic1.png */,
				A93EEA602217FA61005E7148 /* pic2.png */,
				A93EEA612217FA62005E7148 /* pic3.png */,
				A93EEA652217FA83005E7148 /* pic4.png */,
				A9CA777321BBA0A500C63889 /* voice.m4a */,
				A2285651205F823D00B6B2F5 /* IMG_0088.mp4 */,
				A9B3585B1EA8DA2B004618BB /* icon_heart_1@2x.png */,
				A9B3585C1EA8DA2B004618BB /* icon_heart_1@3x.png */,
				A9B3585D1EA8DA2B004618BB /* icon_heart_2@2x.png */,
				A9B3585E1EA8DA2B004618BB /* icon_heart_2@3x.png */,
				A9B3585F1EA8DA2B004618BB /* icon_heart_3@2x.png */,
				A9B358601EA8DA2B004618BB /* icon_heart_3@3x.png */,
				A924B23D1E9F4D3A00BEC574 /* images.bundle */,
			);
			name = Resource;
			sourceTree = "<group>";
		};
		A9B0D9DB1E9E29E80024361F /* Barrage */ = {
			isa = PBXGroup;
			children = (
				A9B0D9D81E9E29DC0024361F /* BarrageViewController.h */,
				A9B0D9D91E9E29DC0024361F /* BarrageViewController.m */,
				A9B0D9DC1E9E2A170024361F /* LJZBarrageView.h */,
				A9B0D9DD1E9E2A170024361F /* LJZBarrageView.m */,
				A9B0D9DF1E9E2C0B0024361F /* LJZBarrageManager.h */,
				A9B0D9E01E9E2C0B0024361F /* LJZBarrageManager.m */,
			);
			name = Barrage;
			sourceTree = "<group>";
		};
		A9B358531EA8D8B5004618BB /* FireLike */ = {
			isa = PBXGroup;
			children = (
				A9B358501EA8D87E004618BB /* FireLikeViewController.h */,
				A9B358511EA8D87E004618BB /* FireLikeViewController.m */,
				A9B358541EA8D8DC004618BB /* LJZFireLikeView.h */,
				A9B358551EA8D8DC004618BB /* LJZFireLikeView.m */,
			);
			name = FireLike;
			sourceTree = "<group>";
		};
		AF282EEA2240DDAC006B3B76 /* StickyHeaderView */ = {
			isa = PBXGroup;
			children = (
				AF282EEB2240DE1C006B3B76 /* StickyHeaderViewController.h */,
				AF282EEC2240DE1C006B3B76 /* StickyHeaderViewController.m */,
				AF282EEE2240DF7A006B3B76 /* LJZStickyHeaderView.h */,
				AF282EEF2240DF7A006B3B76 /* LJZStickyHeaderView.m */,
				AF282EF12240E015006B3B76 /* LJZHeaderRefreshView.h */,
				AF282EF22240E015006B3B76 /* LJZHeaderRefreshView.m */,
				AF282EF42240E0BE006B3B76 /* UIScrollView+StickyHeader.h */,
				AF282EF52240E0BE006B3B76 /* UIScrollView+StickyHeader.m */,
			);
			name = StickyHeaderView;
			sourceTree = "<group>";
		};
		AF282EF72240E771006B3B76 /* VideoRecord */ = {
			isa = PBXGroup;
			children = (
				AF282F0A2240F1E6006B3B76 /* videoresource */,
				AF282EF82240EB42006B3B76 /* LJZRecordViewController.h */,
				AF282EF92240EB42006B3B76 /* LJZRecordViewController.m */,
				AF282EFB2240EBD5006B3B76 /* LJZMotionManager.h */,
				AF282EFC2240EBD5006B3B76 /* LJZMotionManager.m */,
				AF282EFE2240EC72006B3B76 /* LJZRecordEncoder.h */,
				AF282EFF2240EC72006B3B76 /* LJZRecordEncoder.m */,
				AF282F012240ED18006B3B76 /* LJZRecordManager.h */,
				AF282F022240ED18006B3B76 /* LJZRecordManager.m */,
				AF282F042240EDFB006B3B76 /* LJZRecordProgressView.h */,
				AF282F052240EDFB006B3B76 /* LJZRecordProgressView.m */,
				AF282F072240EE9D006B3B76 /* LJZRecordSuccessPreview.h */,
				AF282F082240EE9D006B3B76 /* LJZRecordSuccessPreview.m */,
			);
			name = VideoRecord;
			sourceTree = "<group>";
		};
		AF282F0A2240F1E6006B3B76 /* videoresource */ = {
			isa = PBXGroup;
			children = (
				AF282F0B2240F1E6006B3B76 /* btn_video_flash_open@2x.png */,
				AF282F0C2240F1E6006B3B76 /* btn_cancel_a@2x.png */,
				AF282F0D2240F1E6006B3B76 /* 短视频_重拍@2x.png */,
				AF282F0E2240F1E6006B3B76 /* icon_btn_camera_flash_auto.png */,
				AF282F0F2240F1E6006B3B76 /* btn_video_flash_close@2x.png */,
				AF282F102240F1E6006B3B76 /* icon_btn_camera_flash_on@2x.png */,
				AF282F112240F1E6006B3B76 /* btn_video_flip_camera.png */,
				AF282F122240F1E6006B3B76 /* 短视频_关闭.png */,
				AF282F132240F1E6006B3B76 /* btn_video_flash_open.png */,
				AF282F142240F1E6006B3B76 /* sc_btn_take@2x.png */,
				AF282F152240F1E6006B3B76 /* btn_cancel_a.png */,
				AF282F162240F1E6006B3B76 /* camera_focus_red.png */,
				AF282F172240F1E6006B3B76 /* camera_focus_red@2x.png */,
				AF282F182240F1E6006B3B76 /* icon_btn_camera_flash_on.png */,
				AF282F192240F1E6006B3B76 /* btn_video_flash_close.png */,
				AF282F1A2240F1E6006B3B76 /* btn_video_flip_camera@2x.png */,
				AF282F1B2240F1E6006B3B76 /* 短视频_完成@2x.png */,
				AF282F1C2240F1E6006B3B76 /* icon_btn_camera_flash_off@2x.png */,
				AF282F1D2240F1E6006B3B76 /* icon_btn_camera_flash_auto@2x.png */,
				AF282F1E2240F1E6006B3B76 /* 短视频_翻转@2x.png */,
				AF282F1F2240F1E6006B3B76 /* sc_btn_take.png */,
				AF282F202240F1E6006B3B76 /* icon_btn_camera_flash_off.png */,
			);
			path = videoresource;
			sourceTree = "<group>";
		};
		F284FC1AE56DD4EDD18038DD /* Pods */ = {
			isa = PBXGroup;
			children = (
				A7A1567C5FB196E2E349C7A9 /* Pods-CodeLibrary.debug.xcconfig */,
				FF7E25F2462D2303DA3F8455 /* Pods-CodeLibrary.release.xcconfig */,
			);
			name = Pods;
			sourceTree = "<group>";
		};
/* End PBXGroup section */

/* Begin PBXNativeTarget section */
		A9B0D9991E9DF9970024361F /* CodeLibrary */ = {
			isa = PBXNativeTarget;
			buildConfigurationList = A9B0D9C71E9DF9970024361F /* Build configuration list for PBXNativeTarget "CodeLibrary" */;
			buildPhases = (
				4F419F737326375ADF25CEB9 /* [CP] Check Pods Manifest.lock */,
				A9B0D9961E9DF9970024361F /* Sources */,
				A9B0D9971E9DF9970024361F /* Frameworks */,
				A9B0D9981E9DF9970024361F /* Resources */,
				1AF7E095FE1075ED0FB945FF /* [CP] Embed Pods Frameworks */,
				C578F5790EF291014D55D0F2 /* [CP] Copy Pods Resources */,
			);
			buildRules = (
			);
			dependencies = (
			);
			name = CodeLibrary;
			productName = CodeLibrary;
			productReference = A9B0D99A1E9DF9970024361F /* CodeLibrary.app */;
			productType = "com.apple.product-type.application";
		};
		A9B0D9B21E9DF9970024361F /* CodeLibraryTests */ = {
			isa = PBXNativeTarget;
			buildConfigurationList = A9B0D9CA1E9DF9970024361F /* Build configuration list for PBXNativeTarget "CodeLibraryTests" */;
			buildPhases = (
				A9B0D9AF1E9DF9970024361F /* Sources */,
				A9B0D9B01E9DF9970024361F /* Frameworks */,
				A9B0D9B11E9DF9970024361F /* Resources */,
			);
			buildRules = (
			);
			dependencies = (
				A9B0D9B51E9DF9970024361F /* PBXTargetDependency */,
			);
			name = CodeLibraryTests;
			productName = CodeLibraryTests;
			productReference = A9B0D9B31E9DF9970024361F /* CodeLibraryTests.xctest */;
			productType = "com.apple.product-type.bundle.unit-test";
		};
		A9B0D9BD1E9DF9970024361F /* CodeLibraryUITests */ = {
			isa = PBXNativeTarget;
			buildConfigurationList = A9B0D9CD1E9DF9970024361F /* Build configuration list for PBXNativeTarget "CodeLibraryUITests" */;
			buildPhases = (
				A9B0D9BA1E9DF9970024361F /* Sources */,
				A9B0D9BB1E9DF9970024361F /* Frameworks */,
				A9B0D9BC1E9DF9970024361F /* Resources */,
			);
			buildRules = (
			);
			dependencies = (
				A9B0D9C01E9DF9970024361F /* PBXTargetDependency */,
			);
			name = CodeLibraryUITests;
			productName = CodeLibraryUITests;
			productReference = A9B0D9BE1E9DF9970024361F /* CodeLibraryUITests.xctest */;
			productType = "com.apple.product-type.bundle.ui-testing";
		};
/* End PBXNativeTarget section */

/* Begin PBXProject section */
		A9B0D9921E9DF9970024361F /* Project object */ = {
			isa = PBXProject;
			attributes = {
				CLASSPREFIX = LJZ;
				LastUpgradeCheck = 0830;
				ORGANIZATIONNAME = "李金柱";
				TargetAttributes = {
					A9B0D9991E9DF9970024361F = {
						CreatedOnToolsVersion = 8.3;
						DevelopmentTeam = 22DBSR3WQ7;
						ProvisioningStyle = Automatic;
						SystemCapabilities = {
							com.apple.BackgroundModes = {
								enabled = 1;
							};
						};
					};
					A9B0D9B21E9DF9970024361F = {
						CreatedOnToolsVersion = 8.3;
						DevelopmentTeam = 22DBSR3WQ7;
						ProvisioningStyle = Automatic;
						TestTargetID = A9B0D9991E9DF9970024361F;
					};
					A9B0D9BD1E9DF9970024361F = {
						CreatedOnToolsVersion = 8.3;
						ProvisioningStyle = Automatic;
						TestTargetID = A9B0D9991E9DF9970024361F;
					};
				};
			};
			buildConfigurationList = A9B0D9951E9DF9970024361F /* Build configuration list for PBXProject "CodeLibrary" */;
			compatibilityVersion = "Xcode 3.2";
			developmentRegion = English;
			hasScannedForEncodings = 0;
			knownRegions = (
				en,
				Base,
			);
			mainGroup = A9B0D9911E9DF9970024361F;
			productRefGroup = A9B0D99B1E9DF9970024361F /* Products */;
			projectDirPath = "";
			projectRoot = "";
			targets = (
				A9B0D9991E9DF9970024361F /* CodeLibrary */,
				A9B0D9B21E9DF9970024361F /* CodeLibraryTests */,
				A9B0D9BD1E9DF9970024361F /* CodeLibraryUITests */,
			);
		};
/* End PBXProject section */

/* Begin PBXResourcesBuildPhase section */
		A9B0D9981E9DF9970024361F /* Resources */ = {
			isa = PBXResourcesBuildPhase;
			buildActionMask = 2147483647;
			files = (
				A9B358661EA8DA2B004618BB /* icon_heart_3@2x.png in Resources */,
				AF282F352240F1E6006B3B76 /* sc_btn_take.png in Resources */,
				A93EEA622217FA62005E7148 /* pic1.png in Resources */,
				AF282F212240F1E6006B3B76 /* btn_video_flash_open@2x.png in Resources */,
				AF282F292240F1E6006B3B76 /* btn_video_flash_open.png in Resources */,
				AF282F2F2240F1E6006B3B76 /* btn_video_flash_close.png in Resources */,
				AF282F332240F1E6006B3B76 /* icon_btn_camera_flash_auto@2x.png in Resources */,
				AF282F222240F1E6006B3B76 /* btn_cancel_a@2x.png in Resources */,
				A9B0D9AD1E9DF9970024361F /* LaunchScreen.storyboard in Resources */,
				A221F0F120A2A129000AC6A8 /* shell.sh in Resources */,
				A9B0D9AA1E9DF9970024361F /* Assets.xcassets in Resources */,
				A2285652205F823D00B6B2F5 /* IMG_0088.mp4 in Resources */,
				AF282F322240F1E6006B3B76 /* icon_btn_camera_flash_off@2x.png in Resources */,
				A9B0D9A81E9DF9970024361F /* Main.storyboard in Resources */,
				AF282F362240F1E6006B3B76 /* icon_btn_camera_flash_off.png in Resources */,
				AF282F252240F1E6006B3B76 /* btn_video_flash_close@2x.png in Resources */,
				AF282F302240F1E6006B3B76 /* btn_video_flip_camera@2x.png in Resources */,
				A9F92A951F726F570084F623 /* Generators in Resources */,
				AF282F2B2240F1E6006B3B76 /* btn_cancel_a.png in Resources */,
				AF282F262240F1E6006B3B76 /* icon_btn_camera_flash_on@2x.png in Resources */,
				A221F0F020A2A129000AC6A8 /* exportAppstore.plist in Resources */,
				A93EEA642217FA62005E7148 /* pic3.png in Resources */,
				A9CA777421BBA0A500C63889 /* voice.m4a in Resources */,
				AF282F312240F1E6006B3B76 /* 短视频_完成@2x.png in Resources */,
				A93EEA632217FA62005E7148 /* pic2.png in Resources */,
				AF282F2D2240F1E6006B3B76 /* camera_focus_red@2x.png in Resources */,
				AF282F342240F1E6006B3B76 /* 短视频_翻转@2x.png in Resources */,
				A9B358641EA8DA2B004618BB /* icon_heart_2@2x.png in Resources */,
				AF282F2E2240F1E6006B3B76 /* icon_btn_camera_flash_on.png in Resources */,
				AF282F232240F1E6006B3B76 /* 短视频_重拍@2x.png in Resources */,
				A924B23E1E9F4D3A00BEC574 /* images.bundle in Resources */,
				AF282F2C2240F1E6006B3B76 /* camera_focus_red.png in Resources */,
				AF282F2A2240F1E6006B3B76 /* sc_btn_take@2x.png in Resources */,
				A9B358621EA8DA2B004618BB /* icon_heart_1@2x.png in Resources */,
				AF282F272240F1E6006B3B76 /* btn_video_flip_camera.png in Resources */,
				A9B358671EA8DA2B004618BB /* icon_heart_3@3x.png in Resources */,
				A221F0F220A2A129000AC6A8 /* exportTest.plist in Resources */,
				AF282F242240F1E6006B3B76 /* icon_btn_camera_flash_auto.png in Resources */,
				A9B358651EA8DA2B004618BB /* icon_heart_2@3x.png in Resources */,
				A9F92A931F726F250084F623 /* Categories in Resources */,
				A93EEA662217FA83005E7148 /* pic4.png in Resources */,
				AF282F282240F1E6006B3B76 /* 短视频_关闭.png in Resources */,
				A9B358631EA8DA2B004618BB /* icon_heart_1@3x.png in Resources */,
			);
			runOnlyForDeploymentPostprocessing = 0;
		};
		A9B0D9B11E9DF9970024361F /* Resources */ = {
			isa = PBXResourcesBuildPhase;
			buildActionMask = 2147483647;
			files = (
			);
			runOnlyForDeploymentPostprocessing = 0;
		};
		A9B0D9BC1E9DF9970024361F /* Resources */ = {
			isa = PBXResourcesBuildPhase;
			buildActionMask = 2147483647;
			files = (
			);
			runOnlyForDeploymentPostprocessing = 0;
		};
/* End PBXResourcesBuildPhase section */

/* Begin PBXShellScriptBuildPhase section */
		1AF7E095FE1075ED0FB945FF /* [CP] Embed Pods Frameworks */ = {
			isa = PBXShellScriptBuildPhase;
			buildActionMask = 2147483647;
			files = (
			);
			inputPaths = (
			);
			name = "[CP] Embed Pods Frameworks";
			outputPaths = (
			);
			runOnlyForDeploymentPostprocessing = 0;
			shellPath = /bin/sh;
			shellScript = "\"${SRCROOT}/Pods/Target Support Files/Pods-CodeLibrary/Pods-CodeLibrary-frameworks.sh\"\n";
			showEnvVarsInLog = 0;
		};
		4F419F737326375ADF25CEB9 /* [CP] Check Pods Manifest.lock */ = {
			isa = PBXShellScriptBuildPhase;
			buildActionMask = 2147483647;
			files = (
			);
			inputPaths = (
				"${PODS_PODFILE_DIR_PATH}/Podfile.lock",
				"${PODS_ROOT}/Manifest.lock",
			);
			name = "[CP] Check Pods Manifest.lock";
			outputPaths = (
				"$(DERIVED_FILE_DIR)/Pods-CodeLibrary-checkManifestLockResult.txt",
			);
			runOnlyForDeploymentPostprocessing = 0;
			shellPath = /bin/sh;
			shellScript = "diff \"${PODS_PODFILE_DIR_PATH}/Podfile.lock\" \"${PODS_ROOT}/Manifest.lock\" > /dev/null\nif [ $? != 0 ] ; then\n    # print error to STDERR\n    echo \"error: The sandbox is not in sync with the Podfile.lock. Run 'pod install' or update your CocoaPods installation.\" >&2\n    exit 1\nfi\n# This output is used by Xcode 'outputs' to avoid re-running this script phase.\necho \"SUCCESS\" > \"${SCRIPT_OUTPUT_FILE_0}\"\n";
			showEnvVarsInLog = 0;
		};
		C578F5790EF291014D55D0F2 /* [CP] Copy Pods Resources */ = {
			isa = PBXShellScriptBuildPhase;
			buildActionMask = 2147483647;
			files = (
			);
			inputPaths = (
				"${SRCROOT}/Pods/Target Support Files/Pods-CodeLibrary/Pods-CodeLibrary-resources.sh",
				"${PODS_ROOT}/MJRefresh/MJRefresh/MJRefresh.bundle",
				"${PODS_ROOT}/SVProgressHUD/SVProgressHUD/SVProgressHUD.bundle",
			);
			name = "[CP] Copy Pods Resources";
			outputPaths = (
				"${TARGET_BUILD_DIR}/${UNLOCALIZED_RESOURCES_FOLDER_PATH}",
			);
			runOnlyForDeploymentPostprocessing = 0;
			shellPath = /bin/sh;
			shellScript = "\"${SRCROOT}/Pods/Target Support Files/Pods-CodeLibrary/Pods-CodeLibrary-resources.sh\"\n";
			showEnvVarsInLog = 0;
		};
/* End PBXShellScriptBuildPhase section */

/* Begin PBXSourcesBuildPhase section */
		A9B0D9961E9DF9970024361F /* Sources */ = {
			isa = PBXSourcesBuildPhase;
			buildActionMask = 2147483647;
			files = (
				A93EEA5E2217F24C005E7148 /* LJZPhotoMaker.m in Sources */,
				A2337B1120883E660033090F /* SegmentViewViewController.m in Sources */,
				A9B0D9A51E9DF9970024361F /* ViewController.m in Sources */,
				A9B0D9E11E9E2C0B0024361F /* LJZBarrageManager.m in Sources */,
				A93EEA5A2217F1F7005E7148 /* PhotoMakerViewController.m in Sources */,
				A228564E205F625500B6B2F5 /* LJZTool.m in Sources */,
				AF282F092240EE9D006B3B76 /* LJZRecordSuccessPreview.m in Sources */,
				A228565C205F983F00B6B2F5 /* PaomaViewController.m in Sources */,
				A9A8DFEE21BB9B8A00AF13EB /* ShakeViewController.m in Sources */,
				A9B358561EA8D8DC004618BB /* LJZFireLikeView.m in Sources */,
				AF282EF62240E0BE006B3B76 /* UIScrollView+StickyHeader.m in Sources */,
				AF282EF02240DF7A006B3B76 /* LJZStickyHeaderView.m in Sources */,
				A905AB721F4E84EA00325F01 /* TopBar.m in Sources */,
				A225D68520B7FDD300654D27 /* GetNetWorkSpeed.m in Sources */,
				AF282EFA2240EB42006B3B76 /* LJZRecordViewController.m in Sources */,
				A9B0D9DE1E9E2A170024361F /* LJZBarrageView.m in Sources */,
				A2285655205F955400B6B2F5 /* FloatingViewViewController.m in Sources */,
				A9A8DFF421BB9C2900AF13EB /* LJZShakeManager.m in Sources */,
				A9B0D9DA1E9E29DC0024361F /* BarrageViewController.m in Sources */,
				AF282F002240EC72006B3B76 /* LJZRecordEncoder.m in Sources */,
				A905AAB91F414C7500325F01 /* CountDownViewController.m in Sources */,
				AF282EED2240DE1C006B3B76 /* StickyHeaderViewController.m in Sources */,
				A2337B1520883EE80033090F /* LJZSegmentView.m in Sources */,
				AF282F062240EDFB006B3B76 /* LJZRecordProgressView.m in Sources */,
				AF282EF32240E015006B3B76 /* LJZHeaderRefreshView.m in Sources */,
				A2285659205F958500B6B2F5 /* LJZFloatingView.m in Sources */,
				A9B358521EA8D87E004618BB /* FireLikeViewController.m in Sources */,
				A9B3585A1EA8D95F004618BB /* UIView+LJZ.m in Sources */,
				A9B0D9A21E9DF9970024361F /* AppDelegate.m in Sources */,
				A2285660205F985C00B6B2F5 /* LJZPaomaView.m in Sources */,
				A905AB6E1F4E84CE00325F01 /* PagesViewController.m in Sources */,
				A905AB751F4E966900325F01 /* LJZFirstViewController.m in Sources */,
				A9B0D99F1E9DF9970024361F /* main.m in Sources */,
				AF282EFD2240EBD5006B3B76 /* LJZMotionManager.m in Sources */,
				A225D68120B7FD8100654D27 /* NetworkSpeedViewController.m in Sources */,
				A228564A205F611100B6B2F5 /* GifMakerViewController.m in Sources */,
				A905AB781F4E967300325F01 /* LJZSecondViewController.m in Sources */,
				AF282F032240ED18006B3B76 /* LJZRecordManager.m in Sources */,
			);
			runOnlyForDeploymentPostprocessing = 0;
		};
		A9B0D9AF1E9DF9970024361F /* Sources */ = {
			isa = PBXSourcesBuildPhase;
			buildActionMask = 2147483647;
			files = (
				A9B0D9B81E9DF9970024361F /* CodeLibraryTests.m in Sources */,
			);
			runOnlyForDeploymentPostprocessing = 0;
		};
		A9B0D9BA1E9DF9970024361F /* Sources */ = {
			isa = PBXSourcesBuildPhase;
			buildActionMask = 2147483647;
			files = (
				A9B0D9C31E9DF9970024361F /* CodeLibraryUITests.m in Sources */,
			);
			runOnlyForDeploymentPostprocessing = 0;
		};
/* End PBXSourcesBuildPhase section */

/* Begin PBXTargetDependency section */
		A9B0D9B51E9DF9970024361F /* PBXTargetDependency */ = {
			isa = PBXTargetDependency;
			target = A9B0D9991E9DF9970024361F /* CodeLibrary */;
			targetProxy = A9B0D9B41E9DF9970024361F /* PBXContainerItemProxy */;
		};
		A9B0D9C01E9DF9970024361F /* PBXTargetDependency */ = {
			isa = PBXTargetDependency;
			target = A9B0D9991E9DF9970024361F /* CodeLibrary */;
			targetProxy = A9B0D9BF1E9DF9970024361F /* PBXContainerItemProxy */;
		};
/* End PBXTargetDependency section */

/* Begin PBXVariantGroup section */
		A9B0D9A61E9DF9970024361F /* Main.storyboard */ = {
			isa = PBXVariantGroup;
			children = (
				A9B0D9A71E9DF9970024361F /* Base */,
			);
			name = Main.storyboard;
			sourceTree = "<group>";
		};
		A9B0D9AB1E9DF9970024361F /* LaunchScreen.storyboard */ = {
			isa = PBXVariantGroup;
			children = (
				A9B0D9AC1E9DF9970024361F /* Base */,
			);
			name = LaunchScreen.storyboard;
			sourceTree = "<group>";
		};
/* End PBXVariantGroup section */

/* Begin XCBuildConfiguration section */
		A9B0D9C51E9DF9970024361F /* Debug */ = {
			isa = XCBuildConfiguration;
			buildSettings = {
				ALWAYS_SEARCH_USER_PATHS = NO;
				CLANG_ANALYZER_NONNULL = YES;
				CLANG_ANALYZER_NUMBER_OBJECT_CONVERSION = YES_AGGRESSIVE;
				CLANG_CXX_LANGUAGE_STANDARD = "gnu++0x";
				CLANG_CXX_LIBRARY = "libc++";
				CLANG_ENABLE_MODULES = YES;
				CLANG_ENABLE_OBJC_ARC = YES;
				CLANG_WARN_BOOL_CONVERSION = YES;
				CLANG_WARN_CONSTANT_CONVERSION = YES;
				CLANG_WARN_DIRECT_OBJC_ISA_USAGE = YES_ERROR;
				CLANG_WARN_DOCUMENTATION_COMMENTS = YES;
				CLANG_WARN_EMPTY_BODY = YES;
				CLANG_WARN_ENUM_CONVERSION = YES;
				CLANG_WARN_INFINITE_RECURSION = YES;
				CLANG_WARN_INT_CONVERSION = YES;
				CLANG_WARN_OBJC_ROOT_CLASS = YES_ERROR;
				CLANG_WARN_SUSPICIOUS_MOVE = YES;
				CLANG_WARN_UNREACHABLE_CODE = YES;
				CLANG_WARN__DUPLICATE_METHOD_MATCH = YES;
				"CODE_SIGN_IDENTITY[sdk=iphoneos*]" = "iPhone Developer";
				COPY_PHASE_STRIP = NO;
				DEBUG_INFORMATION_FORMAT = dwarf;
				ENABLE_STRICT_OBJC_MSGSEND = YES;
				ENABLE_TESTABILITY = YES;
				GCC_C_LANGUAGE_STANDARD = gnu99;
				GCC_DYNAMIC_NO_PIC = NO;
				GCC_NO_COMMON_BLOCKS = YES;
				GCC_OPTIMIZATION_LEVEL = 0;
				GCC_PREPROCESSOR_DEFINITIONS = (
					"DEBUG=1",
					"$(inherited)",
				);
				GCC_WARN_64_TO_32_BIT_CONVERSION = YES;
				GCC_WARN_ABOUT_RETURN_TYPE = YES_ERROR;
				GCC_WARN_UNDECLARED_SELECTOR = YES;
				GCC_WARN_UNINITIALIZED_AUTOS = YES_AGGRESSIVE;
				GCC_WARN_UNUSED_FUNCTION = YES;
				GCC_WARN_UNUSED_VARIABLE = YES;
				IPHONEOS_DEPLOYMENT_TARGET = 10.3;
				MTL_ENABLE_DEBUG_INFO = YES;
				ONLY_ACTIVE_ARCH = YES;
				SDKROOT = iphoneos;
			};
			name = Debug;
		};
		A9B0D9C61E9DF9970024361F /* Release */ = {
			isa = XCBuildConfiguration;
			buildSettings = {
				ALWAYS_SEARCH_USER_PATHS = NO;
				CLANG_ANALYZER_NONNULL = YES;
				CLANG_ANALYZER_NUMBER_OBJECT_CONVERSION = YES_AGGRESSIVE;
				CLANG_CXX_LANGUAGE_STANDARD = "gnu++0x";
				CLANG_CXX_LIBRARY = "libc++";
				CLANG_ENABLE_MODULES = YES;
				CLANG_ENABLE_OBJC_ARC = YES;
				CLANG_WARN_BOOL_CONVERSION = YES;
				CLANG_WARN_CONSTANT_CONVERSION = YES;
				CLANG_WARN_DIRECT_OBJC_ISA_USAGE = YES_ERROR;
				CLANG_WARN_DOCUMENTATION_COMMENTS = YES;
				CLANG_WARN_EMPTY_BODY = YES;
				CLANG_WARN_ENUM_CONVERSION = YES;
				CLANG_WARN_INFINITE_RECURSION = YES;
				CLANG_WARN_INT_CONVERSION = YES;
				CLANG_WARN_OBJC_ROOT_CLASS = YES_ERROR;
				CLANG_WARN_SUSPICIOUS_MOVE = YES;
				CLANG_WARN_UNREACHABLE_CODE = YES;
				CLANG_WARN__DUPLICATE_METHOD_MATCH = YES;
				"CODE_SIGN_IDENTITY[sdk=iphoneos*]" = "iPhone Developer";
				COPY_PHASE_STRIP = NO;
				DEBUG_INFORMATION_FORMAT = "dwarf-with-dsym";
				ENABLE_NS_ASSERTIONS = NO;
				ENABLE_STRICT_OBJC_MSGSEND = YES;
				GCC_C_LANGUAGE_STANDARD = gnu99;
				GCC_NO_COMMON_BLOCKS = YES;
				GCC_WARN_64_TO_32_BIT_CONVERSION = YES;
				GCC_WARN_ABOUT_RETURN_TYPE = YES_ERROR;
				GCC_WARN_UNDECLARED_SELECTOR = YES;
				GCC_WARN_UNINITIALIZED_AUTOS = YES_AGGRESSIVE;
				GCC_WARN_UNUSED_FUNCTION = YES;
				GCC_WARN_UNUSED_VARIABLE = YES;
				IPHONEOS_DEPLOYMENT_TARGET = 10.3;
				MTL_ENABLE_DEBUG_INFO = NO;
				SDKROOT = iphoneos;
				VALIDATE_PRODUCT = YES;
			};
			name = Release;
		};
		A9B0D9C81E9DF9970024361F /* Debug */ = {
			isa = XCBuildConfiguration;
			baseConfigurationReference = A7A1567C5FB196E2E349C7A9 /* Pods-CodeLibrary.debug.xcconfig */;
			buildSettings = {
				ASSETCATALOG_COMPILER_APPICON_NAME = AppIcon;
				"CODE_SIGN_IDENTITY[sdk=iphoneos*]" = "iPhone Developer";
				CODE_SIGN_STYLE = Automatic;
				DEVELOPMENT_TEAM = "";
				GCC_PRECOMPILE_PREFIX_HEADER = YES;
				GCC_PREFIX_HEADER = CodeLibrary/CodePrefix.pch;
				INFOPLIST_FILE = CodeLibrary/Info.plist;
				IPHONEOS_DEPLOYMENT_TARGET = 8.0;
				LD_RUNPATH_SEARCH_PATHS = "$(inherited) @executable_path/Frameworks";
				PRODUCT_BUNDLE_IDENTIFIER = com.youxiang.CodeLibrary;
				PRODUCT_NAME = "$(TARGET_NAME)";
				PROVISIONING_PROFILE = "";
				PROVISIONING_PROFILE_SPECIFIER = "";
			};
			name = Debug;
		};
		A9B0D9C91E9DF9970024361F /* Release */ = {
			isa = XCBuildConfiguration;
			baseConfigurationReference = FF7E25F2462D2303DA3F8455 /* Pods-CodeLibrary.release.xcconfig */;
			buildSettings = {
				ASSETCATALOG_COMPILER_APPICON_NAME = AppIcon;
				"CODE_SIGN_IDENTITY[sdk=iphoneos*]" = "iPhone Developer";
				CODE_SIGN_STYLE = Automatic;
				DEVELOPMENT_TEAM = "";
				GCC_PRECOMPILE_PREFIX_HEADER = YES;
				GCC_PREFIX_HEADER = CodeLibrary/CodePrefix.pch;
				INFOPLIST_FILE = CodeLibrary/Info.plist;
				IPHONEOS_DEPLOYMENT_TARGET = 8.0;
				LD_RUNPATH_SEARCH_PATHS = "$(inherited) @executable_path/Frameworks";
				PRODUCT_BUNDLE_IDENTIFIER = com.youxiang.CodeLibrary;
				PRODUCT_NAME = "$(TARGET_NAME)";
				PROVISIONING_PROFILE_SPECIFIER = "";
			};
			name = Release;
		};
		A9B0D9CB1E9DF9970024361F /* Debug */ = {
			isa = XCBuildConfiguration;
			buildSettings = {
				BUNDLE_LOADER = "$(TEST_HOST)";
				DEVELOPMENT_TEAM = 22DBSR3WQ7;
				INFOPLIST_FILE = CodeLibraryTests/Info.plist;
				LD_RUNPATH_SEARCH_PATHS = "$(inherited) @executable_path/Frameworks @loader_path/Frameworks";
				PRODUCT_BUNDLE_IDENTIFIER = li.CodeLibraryTests;
				PRODUCT_NAME = "$(TARGET_NAME)";
				TEST_HOST = "$(BUILT_PRODUCTS_DIR)/CodeLibrary.app/CodeLibrary";
			};
			name = Debug;
		};
		A9B0D9CC1E9DF9970024361F /* Release */ = {
			isa = XCBuildConfiguration;
			buildSettings = {
				BUNDLE_LOADER = "$(TEST_HOST)";
				DEVELOPMENT_TEAM = 22DBSR3WQ7;
				INFOPLIST_FILE = CodeLibraryTests/Info.plist;
				LD_RUNPATH_SEARCH_PATHS = "$(inherited) @executable_path/Frameworks @loader_path/Frameworks";
				PRODUCT_BUNDLE_IDENTIFIER = li.CodeLibraryTests;
				PRODUCT_NAME = "$(TARGET_NAME)";
				TEST_HOST = "$(BUILT_PRODUCTS_DIR)/CodeLibrary.app/CodeLibrary";
			};
			name = Release;
		};
		A9B0D9CE1E9DF9970024361F /* Debug */ = {
			isa = XCBuildConfiguration;
			buildSettings = {
				INFOPLIST_FILE = CodeLibraryUITests/Info.plist;
				LD_RUNPATH_SEARCH_PATHS = "$(inherited) @executable_path/Frameworks @loader_path/Frameworks";
				PRODUCT_BUNDLE_IDENTIFIER = li.CodeLibraryUITests;
				PRODUCT_NAME = "$(TARGET_NAME)";
				TEST_TARGET_NAME = CodeLibrary;
			};
			name = Debug;
		};
		A9B0D9CF1E9DF9970024361F /* Release */ = {
			isa = XCBuildConfiguration;
			buildSettings = {
				INFOPLIST_FILE = CodeLibraryUITests/Info.plist;
				LD_RUNPATH_SEARCH_PATHS = "$(inherited) @executable_path/Frameworks @loader_path/Frameworks";
				PRODUCT_BUNDLE_IDENTIFIER = li.CodeLibraryUITests;
				PRODUCT_NAME = "$(TARGET_NAME)";
				TEST_TARGET_NAME = CodeLibrary;
			};
			name = Release;
		};
/* End XCBuildConfiguration section */

/* Begin XCConfigurationList section */
		A9B0D9951E9DF9970024361F /* Build configuration list for PBXProject "CodeLibrary" */ = {
			isa = XCConfigurationList;
			buildConfigurations = (
				A9B0D9C51E9DF9970024361F /* Debug */,
				A9B0D9C61E9DF9970024361F /* Release */,
			);
			defaultConfigurationIsVisible = 0;
			defaultConfigurationName = Release;
		};
		A9B0D9C71E9DF9970024361F /* Build configuration list for PBXNativeTarget "CodeLibrary" */ = {
			isa = XCConfigurationList;
			buildConfigurations = (
				A9B0D9C81E9DF9970024361F /* Debug */,
				A9B0D9C91E9DF9970024361F /* Release */,
			);
			defaultConfigurationIsVisible = 0;
			defaultConfigurationName = Release;
		};
		A9B0D9CA1E9DF9970024361F /* Build configuration list for PBXNativeTarget "CodeLibraryTests" */ = {
			isa = XCConfigurationList;
			buildConfigurations = (
				A9B0D9CB1E9DF9970024361F /* Debug */,
				A9B0D9CC1E9DF9970024361F /* Release */,
			);
			defaultConfigurationIsVisible = 0;
			defaultConfigurationName = Release;
		};
		A9B0D9CD1E9DF9970024361F /* Build configuration list for PBXNativeTarget "CodeLibraryUITests" */ = {
			isa = XCConfigurationList;
			buildConfigurations = (
				A9B0D9CE1E9DF9970024361F /* Debug */,
				A9B0D9CF1E9DF9970024361F /* Release */,
			);
			defaultConfigurationIsVisible = 0;
			defaultConfigurationName = Release;
		};
/* End XCConfigurationList section */
	};
	rootObject = A9B0D9921E9DF9970024361F /* Project object */;
}
